
Microsoft Visual Studio Solution File, Format Version 12.00
# Visual Studio 15
VisualStudioVersion = 15.0.26124.0
MinimumVisualStudioVersion = 15.0.26124.0
Project("{FAE04EC0-301F-11D3-BF4B-00C04F79EFBC}") = "Domain", "Domain\Domain.csproj", "{5B313B83-A15B-4333-8CB3-BC7E57BBDA54}"
EndProject
Project("{FAE04EC0-301F-11D3-BF4B-00C04F79EFBC}") = "Application", "Application\Application.csproj", "{88FBBF91-EDB3-40B8-954C-7E882B460231}"
EndProject
Project("{FAE04EC0-301F-11D3-BF4B-00C04F79EFBC}") = "Persistence", "Persistence\Persistence.csproj", "{688CB506-541D-496A-955E-BBCDC77A2C51}"
EndProject
Project("{FAE04EC0-301F-11D3-BF4B-00C04F79EFBC}") = "API", "API\API.csproj", "{0AA084FE-CF34-48E9-8895-0B4090E008D8}"
EndProject
Global
	GlobalSection(SolutionConfigurationPlatforms) = preSolution
		Debug|Any CPU = Debug|Any CPU
		Debug|x64 = Debug|x64
		Debug|x86 = Debug|x86
		Release|Any CPU = Release|Any CPU
		Release|x64 = Release|x64
		Release|x86 = Release|x86
	EndGlobalSection
	GlobalSection(SolutionProperties) = preSolution
		HideSolutionNode = FALSE
	EndGlobalSection
	GlobalSection(ProjectConfigurationPlatforms) = postSolution
		{5B313B83-A15B-4333-8CB3-BC7E57BBDA54}.Debug|Any CPU.ActiveCfg = Debug|Any CPU
		{5B313B83-A15B-4333-8CB3-BC7E57BBDA54}.Debug|Any CPU.Build.0 = Debug|Any CPU
		{5B313B83-A15B-4333-8CB3-BC7E57BBDA54}.Debug|x64.ActiveCfg = Debug|Any CPU
		{5B313B83-A15B-4333-8CB3-BC7E57BBDA54}.Debug|x64.Build.0 = Debug|Any CPU
		{5B313B83-A15B-4333-8CB3-BC7E57BBDA54}.Debug|x86.ActiveCfg = Debug|Any CPU
		{5B313B83-A15B-4333-8CB3-BC7E57BBDA54}.Debug|x86.Build.0 = Debug|Any CPU
		{5B313B83-A15B-4333-8CB3-BC7E57BBDA54}.Release|Any CPU.ActiveCfg = Release|Any CPU
		{5B313B83-A15B-4333-8CB3-BC7E57BBDA54}.Release|Any CPU.Build.0 = Release|Any CPU
		{5B313B83-A15B-4333-8CB3-BC7E57BBDA54}.Release|x64.ActiveCfg = Release|Any CPU
		{5B313B83-A15B-4333-8CB3-BC7E57BBDA54}.Release|x64.Build.0 = Release|Any CPU
		{5B313B83-A15B-4333-8CB3-BC7E57BBDA54}.Release|x86.ActiveCfg = Release|Any CPU
		{5B313B83-A15B-4333-8CB3-BC7E57BBDA54}.Release|x86.Build.0 = Release|Any CPU
		{88FBBF91-EDB3-40B8-954C-7E882B460231}.Debug|Any CPU.ActiveCfg = Debug|Any CPU
		{88FBBF91-EDB3-40B8-954C-7E882B460231}.Debug|Any CPU.Build.0 = Debug|Any CPU
		{88FBBF91-EDB3-40B8-954C-7E882B460231}.Debug|x64.ActiveCfg = Debug|Any CPU
		{88FBBF91-EDB3-40B8-954C-7E882B460231}.Debug|x64.Build.0 = Debug|Any CPU
		{88FBBF91-EDB3-40B8-954C-7E882B460231}.Debug|x86.ActiveCfg = Debug|Any CPU
		{88FBBF91-EDB3-40B8-954C-7E882B460231}.Debug|x86.Build.0 = Debug|Any CPU
		{88FBBF91-EDB3-40B8-954C-7E882B460231}.Release|Any CPU.ActiveCfg = Release|Any CPU
		{88FBBF91-EDB3-40B8-954C-7E882B460231}.Release|Any CPU.Build.0 = Release|Any CPU
		{88FBBF91-EDB3-40B8-954C-7E882B460231}.Release|x64.ActiveCfg = Release|Any CPU
		{88FBBF91-EDB3-40B8-954C-7E882B460231}.Release|x64.Build.0 = Release|Any CPU
		{88FBBF91-EDB3-40B8-954C-7E882B460231}.Release|x86.ActiveCfg = Release|Any CPU
		{88FBBF91-EDB3-40B8-954C-7E882B460231}.Release|x86.Build.0 = Release|Any CPU
		{688CB506-541D-496A-955E-BBCDC77A2C51}.Debug|Any CPU.ActiveCfg = Debug|Any CPU
		{688CB506-541D-496A-955E-BBCDC77A2C51}.Debug|Any CPU.Build.0 = Debug|Any CPU
		{688CB506-541D-496A-955E-BBCDC77A2C51}.Debug|x64.ActiveCfg = Debug|Any CPU
		{688CB506-541D-496A-955E-BBCDC77A2C51}.Debug|x64.Build.0 = Debug|Any CPU
		{688CB506-541D-496A-955E-BBCDC77A2C51}.Debug|x86.ActiveCfg = Debug|Any CPU
		{688CB506-541D-496A-955E-BBCDC77A2C51}.Debug|x86.Build.0 = Debug|Any CPU
		{688CB506-541D-496A-955E-BBCDC77A2C51}.Release|Any CPU.ActiveCfg = Release|Any CPU
		{688CB506-541D-496A-955E-BBCDC77A2C51}.Release|Any CPU.Build.0 = Release|Any CPU
		{688CB506-541D-496A-955E-BBCDC77A2C51}.Release|x64.ActiveCfg = Release|Any CPU
		{688CB506-541D-496A-955E-BBCDC77A2C51}.Release|x64.Build.0 = Release|Any CPU
		{688CB506-541D-496A-955E-BBCDC77A2C51}.Release|x86.ActiveCfg = Release|Any CPU
		{688CB506-541D-496A-955E-BBCDC77A2C51}.Release|x86.Build.0 = Release|Any CPU
		{0AA084FE-CF34-48E9-8895-0B4090E008D8}.Debug|Any CPU.ActiveCfg = Debug|Any CPU
		{0AA084FE-CF34-48E9-8895-0B4090E008D8}.Debug|Any CPU.Build.0 = Debug|Any CPU
		{0AA084FE-CF34-48E9-8895-0B4090E008D8}.Debug|x64.ActiveCfg = Debug|Any CPU
		{0AA084FE-CF34-48E9-8895-0B4090E008D8}.Debug|x64.Build.0 = Debug|Any CPU
		{0AA084FE-CF34-48E9-8895-0B4090E008D8}.Debug|x86.ActiveCfg = Debug|Any CPU
		{0AA084FE-CF34-48E9-8895-0B4090E008D8}.Debug|x86.Build.0 = Debug|Any CPU
		{0AA084FE-CF34-48E9-8895-0B4090E008D8}.Release|Any CPU.ActiveCfg = Release|Any CPU
		{0AA084FE-CF34-48E9-8895-0B4090E008D8}.Release|Any CPU.Build.0 = Release|Any CPU
		{0AA084FE-CF34-48E9-8895-0B4090E008D8}.Release|x64.ActiveCfg = Release|Any CPU
		{0AA084FE-CF34-48E9-8895-0B4090E008D8}.Release|x64.Build.0 = Release|Any CPU
		{0AA084FE-CF34-48E9-8895-0B4090E008D8}.Release|x86.ActiveCfg = Release|Any CPU
		{0AA084FE-CF34-48E9-8895-0B4090E008D8}.Release|x86.Build.0 = Release|Any CPU
	EndGlobalSection
EndGlobal
